
Microsoft Visual Studio Solution File, Format Version 12.00
# Visual Studio Version 17
VisualStudioVersion = 17.3.32922.545
MinimumVisualStudioVersion = 10.0.40219.1
Project("{8BC9CEB8-8B4A-11D0-8D11-00A0C91BC942}") = "5.1", "5.1\5.1.vcxproj", "{6DF869D6-AB88-4C7C-81ED-0ADA7F666D64}"
EndProject
Project("{8BC9CEB8-8B4A-11D0-8D11-00A0C91BC942}") = "test5.1", "test5.1\test5.1.vcxproj", "{9C7FB818-E6B0-44E6-B088-3100AFAE1B98}"
EndProject
Global
	GlobalSection(SolutionConfigurationPlatforms) = preSolution
		Debug|x64 = Debug|x64
		Debug|x86 = Debug|x86
		Release|x64 = Release|x64
		Release|x86 = Release|x86
	EndGlobalSection
	GlobalSection(ProjectConfigurationPlatforms) = postSolution
		{6DF869D6-AB88-4C7C-81ED-0ADA7F666D64}.Debug|x64.ActiveCfg = Debug|x64
		{6DF869D6-AB88-4C7C-81ED-0ADA7F666D64}.Debug|x64.Build.0 = Debug|x64
		{6DF869D6-AB88-4C7C-81ED-0ADA7F666D64}.Debug|x86.ActiveCfg = Debug|Win32
		{6DF869D6-AB88-4C7C-81ED-0ADA7F666D64}.Debug|x86.Build.0 = Debug|Win32
		{6DF869D6-AB88-4C7C-81ED-0ADA7F666D64}.Release|x64.ActiveCfg = Release|x64
		{6DF869D6-AB88-4C7C-81ED-0ADA7F666D64}.Release|x64.Build.0 = Release|x64
		{6DF869D6-AB88-4C7C-81ED-0ADA7F666D64}.Release|x86.ActiveCfg = Release|Win32
		{6DF869D6-AB88-4C7C-81ED-0ADA7F666D64}.Release|x86.Build.0 = Release|Win32
		{9C7FB818-E6B0-44E6-B088-3100AFAE1B98}.Debug|x64.ActiveCfg = Debug|x64
		{9C7FB818-E6B0-44E6-B088-3100AFAE1B98}.Debug|x64.Build.0 = Debug|x64
		{9C7FB818-E6B0-44E6-B088-3100AFAE1B98}.Debug|x86.ActiveCfg = Debug|Win32
		{9C7FB818-E6B0-44E6-B088-3100AFAE1B98}.Debug|x86.Build.0 = Debug|Win32
		{9C7FB818-E6B0-44E6-B088-3100AFAE1B98}.Release|x64.ActiveCfg = Release|x64
		{9C7FB818-E6B0-44E6-B088-3100AFAE1B98}.Release|x64.Build.0 = Release|x64
		{9C7FB818-E6B0-44E6-B088-3100AFAE1B98}.Release|x86.ActiveCfg = Release|Win32
		{9C7FB818-E6B0-44E6-B088-3100AFAE1B98}.Release|x86.Build.0 = Release|Win32
	EndGlobalSection
	GlobalSection(SolutionProperties) = preSolution
		HideSolutionNode = FALSE
	EndGlobalSection
	GlobalSection(ExtensibilityGlobals) = postSolution
		SolutionGuid = {666929EE-2EA3-4F91-9252-2FB469D873EF}
	EndGlobalSection
EndGlobal
